
Microsoft Visual Studio Solution File, Format Version 12.00
# Visual Studio 15
Project("{FAE04EC0-301F-11D3-BF4B-00C04F79EFBC}") = "UIFramework_5.4.0p4", "UIFramework_5.4.0p4.csproj", "{CE534071-D6CD-F012-509C-8A11E3C344B5}"
EndProject
Project("{FAE04EC0-301F-11D3-BF4B-00C04F79EFBC}") = "UIFramework_5.4.0p4.Editor", "UIFramework_5.4.0p4.Editor.csproj", "{4EC9E311-726F-E763-9A71-1D0DE67D08FC}"
EndProject
Global
	GlobalSection(SolutionConfigurationPlatforms) = preSolution
		Debug|Any CPU = Debug|Any CPU
		Release|Any CPU = Release|Any CPU
	EndGlobalSection
	GlobalSection(ProjectConfigurationPlatforms) = postSolution
		{CE534071-D6CD-F012-509C-8A11E3C344B5}.Debug|Any CPU.ActiveCfg = Debug|Any CPU
		{CE534071-D6CD-F012-509C-8A11E3C344B5}.Debug|Any CPU.Build.0 = Debug|Any CPU
		{CE534071-D6CD-F012-509C-8A11E3C344B5}.Release|Any CPU.ActiveCfg = Release|Any CPU
		{CE534071-D6CD-F012-509C-8A11E3C344B5}.Release|Any CPU.Build.0 = Release|Any CPU
		{4EC9E311-726F-E763-9A71-1D0DE67D08FC}.Debug|Any CPU.ActiveCfg = Debug|Any CPU
		{4EC9E311-726F-E763-9A71-1D0DE67D08FC}.Debug|Any CPU.Build.0 = Debug|Any CPU
		{4EC9E311-726F-E763-9A71-1D0DE67D08FC}.Release|Any CPU.ActiveCfg = Release|Any CPU
		{4EC9E311-726F-E763-9A71-1D0DE67D08FC}.Release|Any CPU.Build.0 = Release|Any CPU
	EndGlobalSection
	GlobalSection(SolutionProperties) = preSolution
		HideSolutionNode = FALSE
	EndGlobalSection
EndGlobal
