
Microsoft Visual Studio Solution File, Format Version 12.00
# Visual Studio 15
Project("{FAE04EC0-301F-11D3-BF4B-00C04F79EFBC}") = "UIFramework_2_5.4.0p4", "UIFramework_2_5.4.0p4.csproj", "{D6AC3444-861F-ACA2-FAC5-8DD5D24B472F}"
EndProject
Project("{FAE04EC0-301F-11D3-BF4B-00C04F79EFBC}") = "UIFramework_2_5.4.0p4.Editor", "UIFramework_2_5.4.0p4.Editor.csproj", "{1E651D64-A04E-E4E2-F5B9-17428BCB8C94}"
EndProject
Global
	GlobalSection(SolutionConfigurationPlatforms) = preSolution
		Debug|Any CPU = Debug|Any CPU
		Release|Any CPU = Release|Any CPU
	EndGlobalSection
	GlobalSection(ProjectConfigurationPlatforms) = postSolution
		{D6AC3444-861F-ACA2-FAC5-8DD5D24B472F}.Debug|Any CPU.ActiveCfg = Debug|Any CPU
		{D6AC3444-861F-ACA2-FAC5-8DD5D24B472F}.Debug|Any CPU.Build.0 = Debug|Any CPU
		{D6AC3444-861F-ACA2-FAC5-8DD5D24B472F}.Release|Any CPU.ActiveCfg = Release|Any CPU
		{D6AC3444-861F-ACA2-FAC5-8DD5D24B472F}.Release|Any CPU.Build.0 = Release|Any CPU
		{1E651D64-A04E-E4E2-F5B9-17428BCB8C94}.Debug|Any CPU.ActiveCfg = Debug|Any CPU
		{1E651D64-A04E-E4E2-F5B9-17428BCB8C94}.Debug|Any CPU.Build.0 = Debug|Any CPU
		{1E651D64-A04E-E4E2-F5B9-17428BCB8C94}.Release|Any CPU.ActiveCfg = Release|Any CPU
		{1E651D64-A04E-E4E2-F5B9-17428BCB8C94}.Release|Any CPU.Build.0 = Release|Any CPU
	EndGlobalSection
	GlobalSection(SolutionProperties) = preSolution
		HideSolutionNode = FALSE
	EndGlobalSection
EndGlobal
